
Microsoft Visual Studio Solution File, Format Version 12.00
# Visual Studio Version 18
VisualStudioVersion = 18.4.11612.150
MinimumVisualStudioVersion = 10.0.40219.1
Project("{FAE04EC0-301F-11D3-BF4B-00C04F79EFBC}") = "SemiAppliaction", "SemiAppliaction.csproj", "{7E06CFEC-BA6A-4E70-ABD0-FD5AC20B223B}"
EndProject
Project("{FAE04EC0-301F-11D3-BF4B-00C04F79EFBC}") = "UI.FrameWork.Core", "..\UI.FrameWork.Core\UI.FrameWork.Core.csproj", "{0319E817-84E2-492B-84FD-0A9484AA5D16}"
EndProject
Project("{2150E333-8FDC-42A3-9474-1A3956D46DE8}") = "Controls", "Controls", "{6943684C-A2E5-49DF-B72E-926242DE8447}"
EndProject
Project("{2150E333-8FDC-42A3-9474-1A3956D46DE8}") = "Shard", "Shard", "{D17FD4B1-44F6-4566-9BC1-32060FEC7E33}"
EndProject
Project("{D954291E-2A0B-460D-934E-DC6B0785DB48}") = "SemiControl_Shard", "..\SemiControl_Shard\SemiControl_Shard.shproj", "{49B5F67A-91CD-4A0C-B0DE-43C01BEB8D60}"
EndProject
Project("{FAE04EC0-301F-11D3-BF4B-00C04F79EFBC}") = "SemiControl_Net", "..\SemiControl_Net\SemiControl_Net.csproj", "{11406ADD-F9E5-437C-AA1B-B4758D626EE8}"
EndProject
Project("{FAE04EC0-301F-11D3-BF4B-00C04F79EFBC}") = "SemiControlDemo_Net", "..\SemiControlDemo_Net\SemiControlDemo_Net.csproj", "{B2154952-3CDE-4D8E-86A9-0B855DA04BAA}"
EndProject
Project("{2150E333-8FDC-42A3-9474-1A3956D46DE8}") = "Dal", "Dal", "{FD1FC097-B569-44AD-9CE6-D1B33C70E36A}"
EndProject
Project("{FAE04EC0-301F-11D3-BF4B-00C04F79EFBC}") = "EFCore.IRepository", "..\EFCore.Repository\EFCore.IRepository.csproj", "{8A25CEEF-4C57-4ED2-BDE8-2CC2789FFABE}"
EndProject
Project("{FAE04EC0-301F-11D3-BF4B-00C04F79EFBC}") = "EFCore.Infrastructure", "..\EFCore.Infrastructure\EFCore.Infrastructure.csproj", "{F332D418-DE54-4BD5-A440-31A085615FAC}"
EndProject
Project("{2150E333-8FDC-42A3-9474-1A3956D46DE8}") = "Log", "Log", "{8ED0B1F5-B076-4B0E-BB26-AE852FC96BF5}"
EndProject
Project("{FAE04EC0-301F-11D3-BF4B-00C04F79EFBC}") = "Serilog.Domain", "..\Log.Domain\Serilog.Domain.csproj", "{4FEC77E7-CFDB-4751-BAE5-97D08AB276E8}"
EndProject
Project("{FAE04EC0-301F-11D3-BF4B-00C04F79EFBC}") = "Serilog.Infrastructure", "..\Log.Infrastructure\Serilog.Infrastructure.csproj", "{3851372C-E386-499B-B797-BAF35FE435AE}"
EndProject
Project("{FAE04EC0-301F-11D3-BF4B-00C04F79EFBC}") = "Framework.Core", "..\Framework.Core\Framework.Core.csproj", "{FC39FA08-3AF3-4C29-A3F1-A7862FD2D0D5}"
EndProject
Project("{2150E333-8FDC-42A3-9474-1A3956D46DE8}") = "01", "01", "{B7742687-F0CB-4F10-8793-64882B2C5C44}"
EndProject
Project("{2150E333-8FDC-42A3-9474-1A3956D46DE8}") = "03", "03", "{497BAA8B-A03D-4A26-A0DA-28BAD4911E9D}"
EndProject
Project("{2150E333-8FDC-42A3-9474-1A3956D46DE8}") = "05", "05", "{E3D942DD-32BA-4F49-BFE1-C2B0B84815AD}"
EndProject
Global
	GlobalSection(SolutionConfigurationPlatforms) = preSolution
		Debug|Any CPU = Debug|Any CPU
		Release|Any CPU = Release|Any CPU
	EndGlobalSection
	GlobalSection(ProjectConfigurationPlatforms) = postSolution
		{7E06CFEC-BA6A-4E70-ABD0-FD5AC20B223B}.Debug|Any CPU.ActiveCfg = Debug|Any CPU
		{7E06CFEC-BA6A-4E70-ABD0-FD5AC20B223B}.Debug|Any CPU.Build.0 = Debug|Any CPU
		{7E06CFEC-BA6A-4E70-ABD0-FD5AC20B223B}.Release|Any CPU.ActiveCfg = Release|Any CPU
		{7E06CFEC-BA6A-4E70-ABD0-FD5AC20B223B}.Release|Any CPU.Build.0 = Release|Any CPU
		{0319E817-84E2-492B-84FD-0A9484AA5D16}.Debug|Any CPU.ActiveCfg = Debug|Any CPU
		{0319E817-84E2-492B-84FD-0A9484AA5D16}.Debug|Any CPU.Build.0 = Debug|Any CPU
		{0319E817-84E2-492B-84FD-0A9484AA5D16}.Release|Any CPU.ActiveCfg = Release|Any CPU
		{0319E817-84E2-492B-84FD-0A9484AA5D16}.Release|Any CPU.Build.0 = Release|Any CPU
		{11406ADD-F9E5-437C-AA1B-B4758D626EE8}.Debug|Any CPU.ActiveCfg = Debug|Any CPU
		{11406ADD-F9E5-437C-AA1B-B4758D626EE8}.Debug|Any CPU.Build.0 = Debug|Any CPU
		{11406ADD-F9E5-437C-AA1B-B4758D626EE8}.Release|Any CPU.ActiveCfg = Release|Any CPU
		{11406ADD-F9E5-437C-AA1B-B4758D626EE8}.Release|Any CPU.Build.0 = Release|Any CPU
		{B2154952-3CDE-4D8E-86A9-0B855DA04BAA}.Debug|Any CPU.ActiveCfg = Debug|Any CPU
		{B2154952-3CDE-4D8E-86A9-0B855DA04BAA}.Debug|Any CPU.Build.0 = Debug|Any CPU
		{B2154952-3CDE-4D8E-86A9-0B855DA04BAA}.Release|Any CPU.ActiveCfg = Release|Any CPU
		{B2154952-3CDE-4D8E-86A9-0B855DA04BAA}.Release|Any CPU.Build.0 = Release|Any CPU
		{8A25CEEF-4C57-4ED2-BDE8-2CC2789FFABE}.Debug|Any CPU.ActiveCfg = Debug|Any CPU
		{8A25CEEF-4C57-4ED2-BDE8-2CC2789FFABE}.Debug|Any CPU.Build.0 = Debug|Any CPU
		{8A25CEEF-4C57-4ED2-BDE8-2CC2789FFABE}.Release|Any CPU.ActiveCfg = Release|Any CPU
		{8A25CEEF-4C57-4ED2-BDE8-2CC2789FFABE}.Release|Any CPU.Build.0 = Release|Any CPU
		{F332D418-DE54-4BD5-A440-31A085615FAC}.Debug|Any CPU.ActiveCfg = Debug|Any CPU
		{F332D418-DE54-4BD5-A440-31A085615FAC}.Debug|Any CPU.Build.0 = Debug|Any CPU
		{F332D418-DE54-4BD5-A440-31A085615FAC}.Release|Any CPU.ActiveCfg = Release|Any CPU
		{F332D418-DE54-4BD5-A440-31A085615FAC}.Release|Any CPU.Build.0 = Release|Any CPU
		{4FEC77E7-CFDB-4751-BAE5-97D08AB276E8}.Debug|Any CPU.ActiveCfg = Debug|Any CPU
		{4FEC77E7-CFDB-4751-BAE5-97D08AB276E8}.Debug|Any CPU.Build.0 = Debug|Any CPU
		{4FEC77E7-CFDB-4751-BAE5-97D08AB276E8}.Release|Any CPU.ActiveCfg = Release|Any CPU
		{4FEC77E7-CFDB-4751-BAE5-97D08AB276E8}.Release|Any CPU.Build.0 = Release|Any CPU
		{3851372C-E386-499B-B797-BAF35FE435AE}.Debug|Any CPU.ActiveCfg = Debug|Any CPU
		{3851372C-E386-499B-B797-BAF35FE435AE}.Debug|Any CPU.Build.0 = Debug|Any CPU
		{3851372C-E386-499B-B797-BAF35FE435AE}.Release|Any CPU.ActiveCfg = Release|Any CPU
		{3851372C-E386-499B-B797-BAF35FE435AE}.Release|Any CPU.Build.0 = Release|Any CPU
		{FC39FA08-3AF3-4C29-A3F1-A7862FD2D0D5}.Debug|Any CPU.ActiveCfg = Debug|Any CPU
		{FC39FA08-3AF3-4C29-A3F1-A7862FD2D0D5}.Debug|Any CPU.Build.0 = Debug|Any CPU
		{FC39FA08-3AF3-4C29-A3F1-A7862FD2D0D5}.Release|Any CPU.ActiveCfg = Release|Any CPU
		{FC39FA08-3AF3-4C29-A3F1-A7862FD2D0D5}.Release|Any CPU.Build.0 = Release|Any CPU
	EndGlobalSection
	GlobalSection(SolutionProperties) = preSolution
		HideSolutionNode = FALSE
	EndGlobalSection
	GlobalSection(NestedProjects) = preSolution
		{D17FD4B1-44F6-4566-9BC1-32060FEC7E33} = {6943684C-A2E5-49DF-B72E-926242DE8447}
		{49B5F67A-91CD-4A0C-B0DE-43C01BEB8D60} = {D17FD4B1-44F6-4566-9BC1-32060FEC7E33}
		{11406ADD-F9E5-437C-AA1B-B4758D626EE8} = {6943684C-A2E5-49DF-B72E-926242DE8447}
		{B2154952-3CDE-4D8E-86A9-0B855DA04BAA} = {6943684C-A2E5-49DF-B72E-926242DE8447}
		{FD1FC097-B569-44AD-9CE6-D1B33C70E36A} = {E3D942DD-32BA-4F49-BFE1-C2B0B84815AD}
		{8A25CEEF-4C57-4ED2-BDE8-2CC2789FFABE} = {497BAA8B-A03D-4A26-A0DA-28BAD4911E9D}
		{F332D418-DE54-4BD5-A440-31A085615FAC} = {497BAA8B-A03D-4A26-A0DA-28BAD4911E9D}
		{8ED0B1F5-B076-4B0E-BB26-AE852FC96BF5} = {FD1FC097-B569-44AD-9CE6-D1B33C70E36A}
		{4FEC77E7-CFDB-4751-BAE5-97D08AB276E8} = {8ED0B1F5-B076-4B0E-BB26-AE852FC96BF5}
		{3851372C-E386-499B-B797-BAF35FE435AE} = {8ED0B1F5-B076-4B0E-BB26-AE852FC96BF5}
		{FC39FA08-3AF3-4C29-A3F1-A7862FD2D0D5} = {B7742687-F0CB-4F10-8793-64882B2C5C44}
	EndGlobalSection
	GlobalSection(ExtensibilityGlobals) = postSolution
		SolutionGuid = {B6E4E7F7-6B4D-43B5-94D9-5DFA60AA4AF2}
	EndGlobalSection
	GlobalSection(SharedMSBuildProjectFiles) = preSolution
		..\SemiControl_Shard\SemiControl_Shard.projitems*{49b5f67a-91cd-4a0c-b0de-43c01beb8d60}*SharedItemsImports = 13
	EndGlobalSection
EndGlobal
